// !$*UTF8*$!
{
	archiveVersion = 1;
	classes = {
	};
	objectVersion = 55;
	objects = {

/* Begin PBXBuildFile section */
		BD0326042899A43F00DCBB22 /* AppDelegate.swift in Sources */ = {isa = PBXBuildFile; fileRef = BD0326032899A43F00DCBB22 /* AppDelegate.swift */; };
		BD0326062899A43F00DCBB22 /* SceneDelegate.swift in Sources */ = {isa = PBXBuildFile; fileRef = BD0326052899A43F00DCBB22 /* SceneDelegate.swift */; };
		BD0326082899A43F00DCBB22 /* ViewController.swift in Sources */ = {isa = PBXBuildFile; fileRef = BD0326072899A43F00DCBB22 /* ViewController.swift */; };
		BD03260B2899A43F00DCBB22 /* Main.storyboard in Resources */ = {isa = PBXBuildFile; fileRef = BD0326092899A43F00DCBB22 /* Main.storyboard */; };
		BD03260D2899A44000DCBB22 /* Assets.xcassets in Resources */ = {isa = PBXBuildFile; fileRef = BD03260C2899A44000DCBB22 /* Assets.xcassets */; };
		BD0326102899A44000DCBB22 /* LaunchScreen.storyboard in Resources */ = {isa = PBXBuildFile; fileRef = BD03260E2899A44000DCBB22 /* LaunchScreen.storyboard */; };
		BD03261B2899A44000DCBB22 /* hithubTests.swift in Sources */ = {isa = PBXBuildFile; fileRef = BD03261A2899A44000DCBB22 /* hithubTests.swift */; };
		BD0326252899A44000DCBB22 /* hithubUITests.swift in Sources */ = {isa = PBXBuildFile; fileRef = BD0326242899A44000DCBB22 /* hithubUITests.swift */; };
		BD0326272899A44000DCBB22 /* hithubUITestsLaunchTests.swift in Sources */ = {isa = PBXBuildFile; fileRef = BD0326262899A44000DCBB22 /* hithubUITestsLaunchTests.swift */; };
/* End PBXBuildFile section */

/* Begin PBXContainerItemProxy section */
		BD0326172899A44000DCBB22 /* PBXContainerItemProxy */ = {
			isa = PBXContainerItemProxy;
			containerPortal = BD0325F82899A43F00DCBB22 /* Project object */;
			proxyType = 1;
			remoteGlobalIDString = BD0325FF2899A43F00DCBB22;
			remoteInfo = hithub;
		};
		BD0326212899A44000DCBB22 /* PBXContainerItemProxy */ = {
			isa = PBXContainerItemProxy;
			containerPortal = BD0325F82899A43F00DCBB22 /* Project object */;
			proxyType = 1;
			remoteGlobalIDString = BD0325FF2899A43F00DCBB22;
			remoteInfo = hithub;
		};
/* End PBXContainerItemProxy section */

/* Begin PBXFileReference section */
		BD0326002899A43F00DCBB22 /* hithub.app */ = {isa = PBXFileReference; explicitFileType = wrapper.application; includeInIndex = 0; path = hithub.app; sourceTree = BUILT_PRODUCTS_DIR; };
		BD0326032899A43F00DCBB22 /* AppDelegate.swift */ = {isa = PBXFileReference; lastKnownFileType = sourcecode.swift; path = AppDelegate.swift; sourceTree = "<group>"; };
		BD0326052899A43F00DCBB22 /* SceneDelegate.swift */ = {isa = PBXFileReference; lastKnownFileType = sourcecode.swift; path = SceneDelegate.swift; sourceTree = "<group>"; };
		BD0326072899A43F00DCBB22 /* ViewController.swift */ = {isa = PBXFileReference; lastKnownFileType = sourcecode.swift; path = ViewController.swift; sourceTree = "<group>"; };
		BD03260A2899A43F00DCBB22 /* Base */ = {isa = PBXFileReference; lastKnownFileType = file.storyboard; name = Base; path = Base.lproj/Main.storyboard; sourceTree = "<group>"; };
		BD03260C2899A44000DCBB22 /* Assets.xcassets */ = {isa = PBXFileReference; lastKnownFileType = folder.assetcatalog; path = Assets.xcassets; sourceTree = "<group>"; };
		BD03260F2899A44000DCBB22 /* Base */ = {isa = PBXFileReference; lastKnownFileType = file.storyboard; name = Base; path = Base.lproj/LaunchScreen.storyboard; sourceTree = "<group>"; };
		BD0326112899A44000DCBB22 /* Info.plist */ = {isa = PBXFileReference; lastKnownFileType = text.plist.xml; path = Info.plist; sourceTree = "<group>"; };
		BD0326162899A44000DCBB22 /* hithubTests.xctest */ = {isa = PBXFileReference; explicitFileType = wrapper.cfbundle; includeInIndex = 0; path = hithubTests.xctest; sourceTree = BUILT_PRODUCTS_DIR; };
		BD03261A2899A44000DCBB22 /* hithubTests.swift */ = {isa = PBXFileReference; lastKnownFileType = sourcecode.swift; path = hithubTests.swift; sourceTree = "<group>"; };
		BD0326202899A44000DCBB22 /* hithubUITests.xctest */ = {isa = PBXFileReference; explicitFileType = wrapper.cfbundle; includeInIndex = 0; path = hithubUITests.xctest; sourceTree = BUILT_PRODUCTS_DIR; };
		BD0326242899A44000DCBB22 /* hithubUITests.swift */ = {isa = PBXFileReference; lastKnownFileType = sourcecode.swift; path = hithubUITests.swift; sourceTree = "<group>"; };
		BD0326262899A44000DCBB22 /* hithubUITestsLaunchTests.swift */ = {isa = PBXFileReference; lastKnownFileType = sourcecode.swift; path = hithubUITestsLaunchTests.swift; sourceTree = "<group>"; };
/* End PBXFileReference section */

/* Begin PBXFrameworksBuildPhase section */
		BD0325FD2899A43F00DCBB22 /* Frameworks */ = {
			isa = PBXFrameworksBuildPhase;
			buildActionMask = 2147483647;
			files = (
			);
			runOnlyForDeploymentPostprocessing = 0;
		};
		BD0326132899A44000DCBB22 /* Frameworks */ = {
			isa = PBXFrameworksBuildPhase;
			buildActionMask = 2147483647;
			files = (
			);
			runOnlyForDeploymentPostprocessing = 0;
		};
		BD03261D2899A44000DCBB22 /* Frameworks */ = {
			isa = PBXFrameworksBuildPhase;
			buildActionMask = 2147483647;
			files = (
			);
			runOnlyForDeploymentPostprocessing = 0;
		};
/* End PBXFrameworksBuildPhase section */

/* Begin PBXGroup section */
		BD0325F72899A43F00DCBB22 = {
			isa = PBXGroup;
			children = (
				BD0326022899A43F00DCBB22 /* hithub */,
				BD0326192899A44000DCBB22 /* hithubTests */,
				BD0326232899A44000DCBB22 /* hithubUITests */,
				BD0326012899A43F00DCBB22 /* Products */,
			);
			sourceTree = "<group>";
		};
		BD0326012899A43F00DCBB22 /* Products */ = {
			isa = PBXGroup;
			children = (
				BD0326002899A43F00DCBB22 /* hithub.app */,
				BD0326162899A44000DCBB22 /* hithubTests.xctest */,
				BD0326202899A44000DCBB22 /* hithubUITests.xctest */,
			);
			name = Products;
			sourceTree = "<group>";
		};
		BD0326022899A43F00DCBB22 /* hithub */ = {
			isa = PBXGroup;
			children = (
				BD0326032899A43F00DCBB22 /* AppDelegate.swift */,
				BD0326052899A43F00DCBB22 /* SceneDelegate.swift */,
				BD0326072899A43F00DCBB22 /* ViewController.swift */,
				BD0326092899A43F00DCBB22 /* Main.storyboard */,
				BD03260C2899A44000DCBB22 /* Assets.xcassets */,
				BD03260E2899A44000DCBB22 /* LaunchScreen.storyboard */,
				BD0326112899A44000DCBB22 /* Info.plist */,
			);
			path = hithub;
			sourceTree = "<group>";
		};
		BD0326192899A44000DCBB22 /* hithubTests */ = {
			isa = PBXGroup;
			children = (
				BD03261A2899A44000DCBB22 /* hithubTests.swift */,
			);
			path = hithubTests;
			sourceTree = "<group>";
		};
		BD0326232899A44000DCBB22 /* hithubUITests */ = {
			isa = PBXGroup;
			children = (
				BD0326242899A44000DCBB22 /* hithubUITests.swift */,
				BD0326262899A44000DCBB22 /* hithubUITestsLaunchTests.swift */,
			);
			path = hithubUITests;
			sourceTree = "<group>";
		};
/* End PBXGroup section */

/* Begin PBXNativeTarget section */
		BD0325FF2899A43F00DCBB22 /* hithub */ = {
			isa = PBXNativeTarget;
			buildConfigurationList = BD03262A2899A44000DCBB22 /* Build configuration list for PBXNativeTarget "hithub" */;
			buildPhases = (
				BD0325FC2899A43F00DCBB22 /* Sources */,
				BD0325FD2899A43F00DCBB22 /* Frameworks */,
				BD0325FE2899A43F00DCBB22 /* Resources */,
			);
			buildRules = (
			);
			dependencies = (
			);
			name = hithub;
			productName = hithub;
			productReference = BD0326002899A43F00DCBB22 /* hithub.app */;
			productType = "com.apple.product-type.application";
		};
		BD0326152899A44000DCBB22 /* hithubTests */ = {
			isa = PBXNativeTarget;
			buildConfigurationList = BD03262D2899A44000DCBB22 /* Build configuration list for PBXNativeTarget "hithubTests" */;
			buildPhases = (
				BD0326122899A44000DCBB22 /* Sources */,
				BD0326132899A44000DCBB22 /* Frameworks */,
				BD0326142899A44000DCBB22 /* Resources */,
			);
			buildRules = (
			);
			dependencies = (
				BD0326182899A44000DCBB22 /* PBXTargetDependency */,
			);
			name = hithubTests;
			productName = hithubTests;
			productReference = BD0326162899A44000DCBB22 /* hithubTests.xctest */;
			productType = "com.apple.product-type.bundle.unit-test";
		};
		BD03261F2899A44000DCBB22 /* hithubUITests */ = {
			isa = PBXNativeTarget;
			buildConfigurationList = BD0326302899A44000DCBB22 /* Build configuration list for PBXNativeTarget "hithubUITests" */;
			buildPhases = (
				BD03261C2899A44000DCBB22 /* Sources */,
				BD03261D2899A44000DCBB22 /* Frameworks */,
				BD03261E2899A44000DCBB22 /* Resources */,
			);
			buildRules = (
			);
			dependencies = (
				BD0326222899A44000DCBB22 /* PBXTargetDependency */,
			);
			name = hithubUITests;
			productName = hithubUITests;
			productReference = BD0326202899A44000DCBB22 /* hithubUITests.xctest */;
			productType = "com.apple.product-type.bundle.ui-testing";
		};
/* End PBXNativeTarget section */

/* Begin PBXProject section */
		BD0325F82899A43F00DCBB22 /* Project object */ = {
			isa = PBXProject;
			attributes = {
				BuildIndependentTargetsInParallel = 1;
				LastSwiftUpdateCheck = 1340;
				LastUpgradeCheck = 1340;
				TargetAttributes = {
					BD0325FF2899A43F00DCBB22 = {
						CreatedOnToolsVersion = 13.4.1;
					};
					BD0326152899A44000DCBB22 = {
						CreatedOnToolsVersion = 13.4.1;
						TestTargetID = BD0325FF2899A43F00DCBB22;
					};
					BD03261F2899A44000DCBB22 = {
						CreatedOnToolsVersion = 13.4.1;
						TestTargetID = BD0325FF2899A43F00DCBB22;
					};
				};
			};
			buildConfigurationList = BD0325FB2899A43F00DCBB22 /* Build configuration list for PBXProject "hithub" */;
			compatibilityVersion = "Xcode 13.0";
			developmentRegion = en;
			hasScannedForEncodings = 0;
			knownRegions = (
				en,
				Base,
			);
			mainGroup = BD0325F72899A43F00DCBB22;
			productRefGroup = BD0326012899A43F00DCBB22 /* Products */;
			projectDirPath = "";
			projectRoot = "";
			targets = (
				BD0325FF2899A43F00DCBB22 /* hithub */,
				BD0326152899A44000DCBB22 /* hithubTests */,
				BD03261F2899A44000DCBB22 /* hithubUITests */,
			);
		};
/* End PBXProject section */

/* Begin PBXResourcesBuildPhase section */
		BD0325FE2899A43F00DCBB22 /* Resources */ = {
			isa = PBXResourcesBuildPhase;
			buildActionMask = 2147483647;
			files = (
				BD0326102899A44000DCBB22 /* LaunchScreen.storyboard in Resources */,
				BD03260D2899A44000DCBB22 /* Assets.xcassets in Resources */,
				BD03260B2899A43F00DCBB22 /* Main.storyboard in Resources */,
			);
			runOnlyForDeploymentPostprocessing = 0;
		};
		BD0326142899A44000DCBB22 /* Resources */ = {
			isa = PBXResourcesBuildPhase;
			buildActionMask = 2147483647;
			files = (
			);
			runOnlyForDeploymentPostprocessing = 0;
		};
		BD03261E2899A44000DCBB22 /* Resources */ = {
			isa = PBXResourcesBuildPhase;
			buildActionMask = 2147483647;
			files = (
			);
			runOnlyForDeploymentPostprocessing = 0;
		};
/* End PBXResourcesBuildPhase section */

/* Begin PBXSourcesBuildPhase section */
		BD0325FC2899A43F00DCBB22 /* Sources */ = {
			isa = PBXSourcesBuildPhase;
			buildActionMask = 2147483647;
			files = (
				BD0326082899A43F00DCBB22 /* ViewController.swift in Sources */,
				BD0326042899A43F00DCBB22 /* AppDelegate.swift in Sources */,
				BD0326062899A43F00DCBB22 /* SceneDelegate.swift in Sources */,
			);
			runOnlyForDeploymentPostprocessing = 0;
		};
		BD0326122899A44000DCBB22 /* Sources */ = {
			isa = PBXSourcesBuildPhase;
			buildActionMask = 2147483647;
			files = (
				BD03261B2899A44000DCBB22 /* hithubTests.swift in Sources */,
			);
			runOnlyForDeploymentPostprocessing = 0;
		};
		BD03261C2899A44000DCBB22 /* Sources */ = {
			isa = PBXSourcesBuildPhase;
			buildActionMask = 2147483647;
			files = (
				BD0326272899A44000DCBB22 /* hithubUITestsLaunchTests.swift in Sources */,
				BD0326252899A44000DCBB22 /* hithubUITests.swift in Sources */,
			);
			runOnlyForDeploymentPostprocessing = 0;
		};
/* End PBXSourcesBuildPhase section */

/* Begin PBXTargetDependency section */
		BD0326182899A44000DCBB22 /* PBXTargetDependency */ = {
			isa = PBXTargetDependency;
			target = BD0325FF2899A43F00DCBB22 /* hithub */;
			targetProxy = BD0326172899A44000DCBB22 /* PBXContainerItemProxy */;
		};
		BD0326222899A44000DCBB22 /* PBXTargetDependency */ = {
			isa = PBXTargetDependency;
			target = BD0325FF2899A43F00DCBB22 /* hithub */;
			targetProxy = BD0326212899A44000DCBB22 /* PBXContainerItemProxy */;
		};
/* End PBXTargetDependency section */

/* Begin PBXVariantGroup section */
		BD0326092899A43F00DCBB22 /* Main.storyboard */ = {
			isa = PBXVariantGroup;
			children = (
				BD03260A2899A43F00DCBB22 /* Base */,
			);
			name = Main.storyboard;
			sourceTree = "<group>";
		};
		BD03260E2899A44000DCBB22 /* LaunchScreen.storyboard */ = {
			isa = PBXVariantGroup;
			children = (
				BD03260F2899A44000DCBB22 /* Base */,
			);
			name = LaunchScreen.storyboard;
			sourceTree = "<group>";
		};
/* End PBXVariantGroup section */

/* Begin XCBuildConfiguration section */
		BD0326282899A44000DCBB22 /* Debug */ = {
			isa = XCBuildConfiguration;
			buildSettings = {
				ALWAYS_SEARCH_USER_PATHS = NO;
				CLANG_ANALYZER_NONNULL = YES;
				CLANG_ANALYZER_NUMBER_OBJECT_CONVERSION = YES_AGGRESSIVE;
				CLANG_CXX_LANGUAGE_STANDARD = "gnu++17";
				CLANG_ENABLE_MODULES = YES;
				CLANG_ENABLE_OBJC_ARC = YES;
				CLANG_ENABLE_OBJC_WEAK = YES;
				CLANG_WARN_BLOCK_CAPTURE_AUTORELEASING = YES;
				CLANG_WARN_BOOL_CONVERSION = YES;
				CLANG_WARN_COMMA = YES;
				CLANG_WARN_CONSTANT_CONVERSION = YES;
				CLANG_WARN_DEPRECATED_OBJC_IMPLEMENTATIONS = YES;
				CLANG_WARN_DIRECT_OBJC_ISA_USAGE = YES_ERROR;
				CLANG_WARN_DOCUMENTATION_COMMENTS = YES;
				CLANG_WARN_EMPTY_BODY = YES;
				CLANG_WARN_ENUM_CONVERSION = YES;
				CLANG_WARN_INFINITE_RECURSION = YES;
				CLANG_WARN_INT_CONVERSION = YES;
				CLANG_WARN_NON_LITERAL_NULL_CONVERSION = YES;
				CLANG_WARN_OBJC_IMPLICIT_RETAIN_SELF = YES;
				CLANG_WARN_OBJC_LITERAL_CONVERSION = YES;
				CLANG_WARN_OBJC_ROOT_CLASS = YES_ERROR;
				CLANG_WARN_QUOTED_INCLUDE_IN_FRAMEWORK_HEADER = YES;
				CLANG_WARN_RANGE_LOOP_ANALYSIS = YES;
				CLANG_WARN_STRICT_PROTOTYPES = YES;
				CLANG_WARN_SUSPICIOUS_MOVE = YES;
				CLANG_WARN_UNGUARDED_AVAILABILITY = YES_AGGRESSIVE;
				CLANG_WARN_UNREACHABLE_CODE = YES;
				CLANG_WARN__DUPLICATE_METHOD_MATCH = YES;
				COPY_PHASE_STRIP = NO;
				DEBUG_INFORMATION_FORMAT = dwarf;
				ENABLE_STRICT_OBJC_MSGSEND = YES;
				ENABLE_TESTABILITY = YES;
				GCC_C_LANGUAGE_STANDARD = gnu11;
				GCC_DYNAMIC_NO_PIC = NO;
				GCC_NO_COMMON_BLOCKS = YES;
				GCC_OPTIMIZATION_LEVEL = 0;
				GCC_PREPROCESSOR_DEFINITIONS = (
					"DEBUG=1",
					"$(inherited)",
				);
				GCC_WARN_64_TO_32_BIT_CONVERSION = YES;
				GCC_WARN_ABOUT_RETURN_TYPE = YES_ERROR;
				GCC_WARN_UNDECLARED_SELECTOR = YES;
				GCC_WARN_UNINITIALIZED_AUTOS = YES_AGGRESSIVE;
				GCC_WARN_UNUSED_FUNCTION = YES;
				GCC_WARN_UNUSED_VARIABLE = YES;
				IPHONEOS_DEPLOYMENT_TARGET = 15.5;
				MTL_ENABLE_DEBUG_INFO = INCLUDE_SOURCE;
				MTL_FAST_MATH = YES;
				ONLY_ACTIVE_ARCH = YES;
				SDKROOT = iphoneos;
				SWIFT_ACTIVE_COMPILATION_CONDITIONS = DEBUG;
				SWIFT_OPTIMIZATION_LEVEL = "-Onone";
			};
			name = Debug;
		};
		BD0326292899A44000DCBB22 /* Release */ = {
			isa = XCBuildConfiguration;
			buildSettings = {
				ALWAYS_SEARCH_USER_PATHS = NO;
				CLANG_ANALYZER_NONNULL = YES;
				CLANG_ANALYZER_NUMBER_OBJECT_CONVERSION = YES_AGGRESSIVE;
				CLANG_CXX_LANGUAGE_STANDARD = "gnu++17";
				CLANG_ENABLE_MODULES = YES;
				CLANG_ENABLE_OBJC_ARC = YES;
				CLANG_ENABLE_OBJC_WEAK = YES;
				CLANG_WARN_BLOCK_CAPTURE_AUTORELEASING = YES;
				CLANG_WARN_BOOL_CONVERSION = YES;
				CLANG_WARN_COMMA = YES;
				CLANG_WARN_CONSTANT_CONVERSION = YES;
				CLANG_WARN_DEPRECATED_OBJC_IMPLEMENTATIONS = YES;
				CLANG_WARN_DIRECT_OBJC_ISA_USAGE = YES_ERROR;
				CLANG_WARN_DOCUMENTATION_COMMENTS = YES;
				CLANG_WARN_EMPTY_BODY = YES;
				CLANG_WARN_ENUM_CONVERSION = YES;
				CLANG_WARN_INFINITE_RECURSION = YES;
				CLANG_WARN_INT_CONVERSION = YES;
				CLANG_WARN_NON_LITERAL_NULL_CONVERSION = YES;
				CLANG_WARN_OBJC_IMPLICIT_RETAIN_SELF = YES;
				CLANG_WARN_OBJC_LITERAL_CONVERSION = YES;
				CLANG_WARN_OBJC_ROOT_CLASS = YES_ERROR;
				CLANG_WARN_QUOTED_INCLUDE_IN_FRAMEWORK_HEADER = YES;
				CLANG_WARN_RANGE_LOOP_ANALYSIS = YES;
				CLANG_WARN_STRICT_PROTOTYPES = YES;
				CLANG_WARN_SUSPICIOUS_MOVE = YES;
				CLANG_WARN_UNGUARDED_AVAILABILITY = YES_AGGRESSIVE;
				CLANG_WARN_UNREACHABLE_CODE = YES;
				CLANG_WARN__DUPLICATE_METHOD_MATCH = YES;
				COPY_PHASE_STRIP = NO;
				DEBUG_INFORMATION_FORMAT = "dwarf-with-dsym";
				ENABLE_NS_ASSERTIONS = NO;
				ENABLE_STRICT_OBJC_MSGSEND = YES;
				GCC_C_LANGUAGE_STANDARD = gnu11;
				GCC_NO_COMMON_BLOCKS = YES;
				GCC_WARN_64_TO_32_BIT_CONVERSION = YES;
				GCC_WARN_ABOUT_RETURN_TYPE = YES_ERROR;
				GCC_WARN_UNDECLARED_SELECTOR = YES;
				GCC_WARN_UNINITIALIZED_AUTOS = YES_AGGRESSIVE;
				GCC_WARN_UNUSED_FUNCTION = YES;
				GCC_WARN_UNUSED_VARIABLE = YES;
				IPHONEOS_DEPLOYMENT_TARGET = 15.5;
				MTL_ENABLE_DEBUG_INFO = NO;
				MTL_FAST_MATH = YES;
				SDKROOT = iphoneos;
				SWIFT_COMPILATION_MODE = wholemodule;
				SWIFT_OPTIMIZATION_LEVEL = "-O";
				VALIDATE_PRODUCT = YES;
			};
			name = Release;
		};
		BD03262B2899A44000DCBB22 /* Debug */ = {
			isa = XCBuildConfiguration;
			buildSettings = {
				ASSETCATALOG_COMPILER_APPICON_NAME = AppIcon;
				ASSETCATALOG_COMPILER_GLOBAL_ACCENT_COLOR_NAME = AccentColor;
				CODE_SIGN_STYLE = Automatic;
				CURRENT_PROJECT_VERSION = 1;
				GENERATE_INFOPLIST_FILE = YES;
				INFOPLIST_FILE = hithub/Info.plist;
				INFOPLIST_KEY_UIApplicationSupportsIndirectInputEvents = YES;
				INFOPLIST_KEY_UILaunchStoryboardName = LaunchScreen;
				INFOPLIST_KEY_UIMainStoryboardFile = Main;
				INFOPLIST_KEY_UISupportedInterfaceOrientations_iPad = "UIInterfaceOrientationPortrait UIInterfaceOrientationPortraitUpsideDown UIInterfaceOrientationLandscapeLeft UIInterfaceOrientationLandscapeRight";
				INFOPLIST_KEY_UISupportedInterfaceOrientations_iPhone = "UIInterfaceOrientationPortrait UIInterfaceOrientationLandscapeLeft UIInterfaceOrientationLandscapeRight";
				LD_RUNPATH_SEARCH_PATHS = (
					"$(inherited)",
					"@executable_path/Frameworks",
				);
				MARKETING_VERSION = 1.0;
				PRODUCT_BUNDLE_IDENTIFIER = kwk.hithub;
				PRODUCT_NAME = "$(TARGET_NAME)";
				SWIFT_EMIT_LOC_STRINGS = YES;
				SWIFT_VERSION = 5.0;
				TARGETED_DEVICE_FAMILY = "1,2";
			};
			name = Debug;
		};
		BD03262C2899A44000DCBB22 /* Release */ = {
			isa = XCBuildConfiguration;
			buildSettings = {
				ASSETCATALOG_COMPILER_APPICON_NAME = AppIcon;
				ASSETCATALOG_COMPILER_GLOBAL_ACCENT_COLOR_NAME = AccentColor;
				CODE_SIGN_STYLE = Automatic;
				CURRENT_PROJECT_VERSION = 1;
				GENERATE_INFOPLIST_FILE = YES;
				INFOPLIST_FILE = hithub/Info.plist;
				INFOPLIST_KEY_UIApplicationSupportsIndirectInputEvents = YES;
				INFOPLIST_KEY_UILaunchStoryboardName = LaunchScreen;
				INFOPLIST_KEY_UIMainStoryboardFile = Main;
				INFOPLIST_KEY_UISupportedInterfaceOrientations_iPad = "UIInterfaceOrientationPortrait UIInterfaceOrientationPortraitUpsideDown UIInterfaceOrientationLandscapeLeft UIInterfaceOrientationLandscapeRight";
				INFOPLIST_KEY_UISupportedInterfaceOrientations_iPhone = "UIInterfaceOrientationPortrait UIInterfaceOrientationLandscapeLeft UIInterfaceOrientationLandscapeRight";
				LD_RUNPATH_SEARCH_PATHS = (
					"$(inherited)",
					"@executable_path/Frameworks",
				);
				MARKETING_VERSION = 1.0;
				PRODUCT_BUNDLE_IDENTIFIER = kwk.hithub;
				PRODUCT_NAME = "$(TARGET_NAME)";
				SWIFT_EMIT_LOC_STRINGS = YES;
				SWIFT_VERSION = 5.0;
				TARGETED_DEVICE_FAMILY = "1,2";
			};
			name = Release;
		};
		BD03262E2899A44000DCBB22 /* Debug */ = {
			isa = XCBuildConfiguration;
			buildSettings = {
				ALWAYS_EMBED_SWIFT_STANDARD_LIBRARIES = YES;
				BUNDLE_LOADER = "$(TEST_HOST)";
				CODE_SIGN_STYLE = Automatic;
				CURRENT_PROJECT_VERSION = 1;
				GENERATE_INFOPLIST_FILE = YES;
				IPHONEOS_DEPLOYMENT_TARGET = 15.5;
				MARKETING_VERSION = 1.0;
				PRODUCT_BUNDLE_IDENTIFIER = kwk.hithubTests;
				PRODUCT_NAME = "$(TARGET_NAME)";
				SWIFT_EMIT_LOC_STRINGS = NO;
				SWIFT_VERSION = 5.0;
				TARGETED_DEVICE_FAMILY = "1,2";
				TEST_HOST = "$(BUILT_PRODUCTS_DIR)/hithub.app/hithub";
			};
			name = Debug;
		};
		BD03262F2899A44000DCBB22 /* Release */ = {
			isa = XCBuildConfiguration;
			buildSettings = {
				ALWAYS_EMBED_SWIFT_STANDARD_LIBRARIES = YES;
				BUNDLE_LOADER = "$(TEST_HOST)";
				CODE_SIGN_STYLE = Automatic;
				CURRENT_PROJECT_VERSION = 1;
				GENERATE_INFOPLIST_FILE = YES;
				IPHONEOS_DEPLOYMENT_TARGET = 15.5;
				MARKETING_VERSION = 1.0;
				PRODUCT_BUNDLE_IDENTIFIER = kwk.hithubTests;
				PRODUCT_NAME = "$(TARGET_NAME)";
				SWIFT_EMIT_LOC_STRINGS = NO;
				SWIFT_VERSION = 5.0;
				TARGETED_DEVICE_FAMILY = "1,2";
				TEST_HOST = "$(BUILT_PRODUCTS_DIR)/hithub.app/hithub";
			};
			name = Release;
		};
		BD0326312899A44000DCBB22 /* Debug */ = {
			isa = XCBuildConfiguration;
			buildSettings = {
				ALWAYS_EMBED_SWIFT_STANDARD_LIBRARIES = YES;
				CODE_SIGN_STYLE = Automatic;
				CURRENT_PROJECT_VERSION = 1;
				GENERATE_INFOPLIST_FILE = YES;
				MARKETING_VERSION = 1.0;
				PRODUCT_BUNDLE_IDENTIFIER = kwk.hithubUITests;
				PRODUCT_NAME = "$(TARGET_NAME)";
				SWIFT_EMIT_LOC_STRINGS = NO;
				SWIFT_VERSION = 5.0;
				TARGETED_DEVICE_FAMILY = "1,2";
				TEST_TARGET_NAME = hithub;
			};
			name = Debug;
		};
		BD0326322899A44000DCBB22 /* Release */ = {
			isa = XCBuildConfiguration;
			buildSettings = {
				ALWAYS_EMBED_SWIFT_STANDARD_LIBRARIES = YES;
				CODE_SIGN_STYLE = Automatic;
				CURRENT_PROJECT_VERSION = 1;
				GENERATE_INFOPLIST_FILE = YES;
				MARKETING_VERSION = 1.0;
				PRODUCT_BUNDLE_IDENTIFIER = kwk.hithubUITests;
				PRODUCT_NAME = "$(TARGET_NAME)";
				SWIFT_EMIT_LOC_STRINGS = NO;
				SWIFT_VERSION = 5.0;
				TARGETED_DEVICE_FAMILY = "1,2";
				TEST_TARGET_NAME = hithub;
			};
			name = Release;
		};
/* End XCBuildConfiguration section */

/* Begin XCConfigurationList section */
		BD0325FB2899A43F00DCBB22 /* Build configuration list for PBXProject "hithub" */ = {
			isa = XCConfigurationList;
			buildConfigurations = (
				BD0326282899A44000DCBB22 /* Debug */,
				BD0326292899A44000DCBB22 /* Release */,
			);
			defaultConfigurationIsVisible = 0;
			defaultConfigurationName = Release;
		};
		BD03262A2899A44000DCBB22 /* Build configuration list for PBXNativeTarget "hithub" */ = {
			isa = XCConfigurationList;
			buildConfigurations = (
				BD03262B2899A44000DCBB22 /* Debug */,
				BD03262C2899A44000DCBB22 /* Release */,
			);
			defaultConfigurationIsVisible = 0;
			defaultConfigurationName = Release;
		};
		BD03262D2899A44000DCBB22 /* Build configuration list for PBXNativeTarget "hithubTests" */ = {
			isa = XCConfigurationList;
			buildConfigurations = (
				BD03262E2899A44000DCBB22 /* Debug */,
				BD03262F2899A44000DCBB22 /* Release */,
			);
			defaultConfigurationIsVisible = 0;
			defaultConfigurationName = Release;
		};
		BD0326302899A44000DCBB22 /* Build configuration list for PBXNativeTarget "hithubUITests" */ = {
			isa = XCConfigurationList;
			buildConfigurations = (
				BD0326312899A44000DCBB22 /* Debug */,
				BD0326322899A44000DCBB22 /* Release */,
			);
			defaultConfigurationIsVisible = 0;
			defaultConfigurationName = Release;
		};
/* End XCConfigurationList section */
	};
	rootObject = BD0325F82899A43F00DCBB22 /* Project object */;
}
